
Microsoft Visual Studio Solution File, Format Version 12.00
# Visual Studio Version 17
VisualStudioVersion = 17.0.31912.275
MinimumVisualStudioVersion = 10.0.40219.1
Project("{FAE04EC0-301F-11D3-BF4B-00C04F79EFBC}") = "AppInstallerCommunity-GPL", "AppInstallerCommunity-GPL.csproj", "{965F3372-237A-4565-999A-260E6927C308}"
EndProject
Global
	GlobalSection(SolutionConfigurationPlatforms) = preSolution
		Debug|Any CPU = Debug|Any CPU
		Release|Any CPU = Release|Any CPU
	EndGlobalSection
	GlobalSection(ProjectConfigurationPlatforms) = postSolution
		{965F3372-237A-4565-999A-260E6927C308}.Debug|Any CPU.ActiveCfg = Debug|Any CPU
		{965F3372-237A-4565-999A-260E6927C308}.Debug|Any CPU.Build.0 = Debug|Any CPU
		{965F3372-237A-4565-999A-260E6927C308}.Release|Any CPU.ActiveCfg = Release|Any CPU
		{965F3372-237A-4565-999A-260E6927C308}.Release|Any CPU.Build.0 = Release|Any CPU
	EndGlobalSection
	GlobalSection(SolutionProperties) = preSolution
		HideSolutionNode = FALSE
	EndGlobalSection
	GlobalSection(ExtensibilityGlobals) = postSolution
		SolutionGuid = {D0C6D05F-9DA2-49FA-ADC5-3EDDAEC9F926}
	EndGlobalSection
EndGlobal
